Microsoft Visual Studio Solution File, Format Version 12.00
# Visual Studio Version 17
VisualStudioVersion = 17.5.2.0
MinimumVisualStudioVersion = 10.0.40219.1
Project("{FAE04EC0-301F-11D3-BF4B-00C04F79EFBC}") = "WebAssigment2", "WebAssigment2.csproj", "{49C8AA52-CE8F-0384-C12D-CBC72F5EE417}"
EndProject
Global
	GlobalSection(SolutionConfigurationPlatforms) = preSolution
		Debug|Any CPU = Debug|Any CPU
		Release|Any CPU = Release|Any CPU
	EndGlobalSection
	GlobalSection(ProjectConfigurationPlatforms) = postSolution
		{49C8AA52-CE8F-0384-C12D-CBC72F5EE417}.Debug|Any CPU.ActiveCfg = Debug|Any CPU
		{49C8AA52-CE8F-0384-C12D-CBC72F5EE417}.Debug|Any CPU.Build.0 = Debug|Any CPU
		{49C8AA52-CE8F-0384-C12D-CBC72F5EE417}.Release|Any CPU.ActiveCfg = Release|Any CPU
		{49C8AA52-CE8F-0384-C12D-CBC72F5EE417}.Release|Any CPU.Build.0 = Release|Any CPU
	EndGlobalSection
	GlobalSection(SolutionProperties) = preSolution
		HideSolutionNode = FALSE
	EndGlobalSection
	GlobalSection(ExtensibilityGlobals) = postSolution
		SolutionGuid = {7DDCF003-37C6-4876-AB95-F63DD2B24CE8}
	EndGlobalSection
EndGlobal
